
Microsoft Visual Studio Solution File, Format Version 12.00
# Visual Studio Version 16
VisualStudioVersion = 16.0.31729.503
MinimumVisualStudioVersion = 10.0.40219.1
Project("{FAE04EC0-301F-11D3-BF4B-00C04F79EFBC}") = "VideoGames", "VideoGames\VideoGames.csproj", "{990C6349-7EE8-44DC-B15A-8D5EF26EF1D5}"
EndProject
Global
	GlobalSection(SolutionConfigurationPlatforms) = preSolution
		Debug|Any CPU = Debug|Any CPU
		Release|Any CPU = Release|Any CPU
	EndGlobalSection
	GlobalSection(ProjectConfigurationPlatforms) = postSolution
		{990C6349-7EE8-44DC-B15A-8D5EF26EF1D5}.Debug|Any CPU.ActiveCfg = Debug|Any CPU
		{990C6349-7EE8-44DC-B15A-8D5EF26EF1D5}.Debug|Any CPU.Build.0 = Debug|Any CPU
		{990C6349-7EE8-44DC-B15A-8D5EF26EF1D5}.Release|Any CPU.ActiveCfg = Release|Any CPU
		{990C6349-7EE8-44DC-B15A-8D5EF26EF1D5}.Release|Any CPU.Build.0 = Release|Any CPU
	EndGlobalSection
	GlobalSection(SolutionProperties) = preSolution
		HideSolutionNode = FALSE
	EndGlobalSection
	GlobalSection(ExtensibilityGlobals) = postSolution
		SolutionGuid = {2C813BF1-995B-4C28-8035-513804644ECC}
	EndGlobalSection
EndGlobal
